{
  "name": "commit-and-earn",
  "version": "1.0.0",
  "lockfileVersion": 1,
  "requires": true,
  "dependencies": {
    "@vercel/ncc": {
      "version": "0.33.1",
      "resolved": "http://repo.frg.tech/artifactory/api/npm/all-npm-repos/@vercel/ncc/-/ncc-0.33.1.tgz",
      "integrity": "sha1-skAICjwd7ZRGowlVoGp5hRuzj3E="
    }
  }
}
